
Microsoft Visual Studio Solution File, Format Version 12.00
# Visual Studio Version 17
VisualStudioVersion = 17.13.35931.197 d17.13
MinimumVisualStudioVersion = 10.0.40219.1
Project("{FAE04EC0-301F-11D3-BF4B-00C04F79EFBC}") = "apikirbbo", "apikirbbo\apikirbbo.csproj", "{EC550984-6BFE-4186-8948-961722F62803}"
EndProject
Global
	GlobalSection(SolutionConfigurationPlatforms) = preSolution
		Debug|Any CPU = Debug|Any CPU
		Release|Any CPU = Release|Any CPU
	EndGlobalSection
	GlobalSection(ProjectConfigurationPlatforms) = postSolution
		{EC550984-6BFE-4186-8948-961722F62803}.Debug|Any CPU.ActiveCfg = Debug|Any CPU
		{EC550984-6BFE-4186-8948-961722F62803}.Debug|Any CPU.Build.0 = Debug|Any CPU
		{EC550984-6BFE-4186-8948-961722F62803}.Release|Any CPU.ActiveCfg = Release|Any CPU
		{EC550984-6BFE-4186-8948-961722F62803}.Release|Any CPU.Build.0 = Release|Any CPU
	EndGlobalSection
	GlobalSection(SolutionProperties) = preSolution
		HideSolutionNode = FALSE
	EndGlobalSection
	GlobalSection(ExtensibilityGlobals) = postSolution
		SolutionGuid = {2589CCB9-2001-4DBC-80CF-7EE40A4F96DD}
	EndGlobalSection
EndGlobal
